{
  "name": "safe360-warehouse-hazard-training",
  "version": "1.0.0",
  "lockfileVersion": 3,
  "requires": true,
  "packages": {
    "": {
      "name": "safe360-warehouse-hazard-training",
      "version": "1.0.0",
      "dependencies": {
        "@popperjs/core": "^2.11.8",
        "bootstrap": "^5.3.8",
        "chart.js": "^4.5.0",
        "marzipano": "^0.10.2"
      }
    },
    "node_modules/@kurkle/color": {
      "version": "0.3.4",
      "resolved": "https://registry.npmjs.org/@kurkle/color/-/color-0.3.4.tgz",
      "integrity": "sha512-M5UknZPHRu3DEDWoipU6sE8PdkZ6Z/S+v4dD+Ke8IaNlpdSQah50lz1KtcFBa2vsdOnwbbnxJwVM4wty6udA5w==",
      "license": "MIT"
    },
    "node_modules/@popperjs/core": {
      "version": "2.11.8",
      "resolved": "https://registry.npmjs.org/@popperjs/core/-/core-2.11.8.tgz",
      "integrity": "sha512-P1st0aksCrn9sGZhp8GMYwBnQsbvAWsZAX44oXNNvLHGqAOcoVxmjZiohstwQ7SqKnbR47akdNi+uleWD8+g6A==",
      "license": "MIT",
      "funding": {
        "type": "opencollective",
        "url": "https://opencollective.com/popperjs"
      }
    },
    "node_modules/bootstrap": {
      "version": "5.3.8",
      "resolved": "https://registry.npmjs.org/bootstrap/-/bootstrap-5.3.8.tgz",
      "integrity": "sha512-HP1SZDqaLDPwsNiqRqi5NcP0SSXciX2s9E+RyqJIIqGo+vJeN5AJVM98CXmW/Wux0nQ5L7jeWUdplCEf0Ee+tg==",
      "funding": [
        {
          "type": "github",
          "url": "https://github.com/sponsors/twbs"
        },
        {
          "type": "opencollective",
          "url": "https://opencollective.com/bootstrap"
        }
      ],
      "license": "MIT",
      "peerDependencies": {
        "@popperjs/core": "^2.11.8"
      }
    },
    "node_modules/bowser": {
      "version": "1.9.4",
      "resolved": "https://registry.npmjs.org/bowser/-/bowser-1.9.4.tgz",
      "integrity": "sha512-9IdMmj2KjigRq6oWhmwv1W36pDuA4STQZ8q6YO9um+x07xgYNCD3Oou+WP/3L1HNz7iqythGet3/p4wvc8AAwQ==",
      "license": "MIT"
    },
    "node_modules/chart.js": {
      "version": "4.5.1",
      "resolved": "https://registry.npmjs.org/chart.js/-/chart.js-4.5.1.tgz",
      "integrity": "sha512-GIjfiT9dbmHRiYi6Nl2yFCq7kkwdkp1W/lp2J99rX0yo9tgJGn3lKQATztIjb5tVtevcBtIdICNWqlq5+E8/Pw==",
      "license": "MIT",
      "dependencies": {
        "@kurkle/color": "^0.3.0"
      },
      "engines": {
        "pnpm": ">=8"
      }
    },
    "node_modules/gl-matrix": {
      "version": "3.3.0",
      "resolved": "https://registry.npmjs.org/gl-matrix/-/gl-matrix-3.3.0.tgz",
      "integrity": "sha512-COb7LDz+SXaHtl/h4LeaFcNdJdAQSDeVqjiIihSXNrkWObZLhDI4hIkZC11Aeqp7bcE72clzB0BnDXr2SmslRA==",
      "license": "MIT"
    },
    "node_modules/hammerjs": {
      "version": "2.0.4",
      "resolved": "https://registry.npmjs.org/hammerjs/-/hammerjs-2.0.4.tgz",
      "integrity": "sha512-7eWteNDFD5a792W0bsxLUfowijwXFIwN8JDuZ3e8+0+mQQ9Hgp0ROxr36DdhbjACwi5c0ep86loTI2NcT41ang==",
      "engines": {
        "node": ">=0.8.0"
      }
    },
    "node_modules/marzipano": {
      "version": "0.10.2",
      "resolved": "https://registry.npmjs.org/marzipano/-/marzipano-0.10.2.tgz",
      "integrity": "sha512-YWgxpnZa8rlZWT4tkV9LF3abqwMeS3sphkbssWlM1EqZZ/XdlFJVL18iR4wI+uUnvVWjMmjAKDn/lPlOo19Tsg==",
      "license": "Apache-2.0",
      "dependencies": {
        "bowser": "1.9.4",
        "gl-matrix": "3.3.0",
        "hammerjs": "2.0.4",
        "minimal-event-emitter": "1.0.0"
      }
    },
    "node_modules/minimal-event-emitter": {
      "version": "1.0.0",
      "resolved": "https://registry.npmjs.org/minimal-event-emitter/-/minimal-event-emitter-1.0.0.tgz",
      "integrity": "sha512-jZFCw+HUAgVWGSnCpff4NaB1PRwNcnIYRN1hgaA1QfOxG5lBhNmqpmcVW/o2+28Pc8CxPImsipDNrfUQhHCukw==",
      "license": "Apache-2.0"
    }
  }
}
